// !$*UTF8*$!
{
	archiveVersion = 1;
	classes = {
	};
	objectVersion = 48;
	objects = {

/* Begin PBXBuildFile section */
		2278F0F020186D50008CD171 /* ThreeRingControl.framework in Frameworks */ = {isa = PBXBuildFile; fileRef = 2278F0E620186D4F008CD171 /* ThreeRingControl.framework */; };
		2278F0F520186D50008CD171 /* ThreeRingControlTests.swift in Sources */ = {isa = PBXBuildFile; fileRef = 2278F0F420186D50008CD171 /* ThreeRingControlTests.swift */; };
		2278F0F720186D50008CD171 /* ThreeRingControl.h in Headers */ = {isa = PBXBuildFile; fileRef = 2278F0E920186D4F008CD171 /* ThreeRingControl.h */; settings = {ATTRIBUTES = (Public, ); }; };
		2278F10620186DD1008CD171 /* RingTip.swift in Sources */ = {isa = PBXBuildFile; fileRef = 2278F10020186DD0008CD171 /* RingTip.swift */; };
		2278F10720186DD1008CD171 /* Fanfare.swift in Sources */ = {isa = PBXBuildFile; fileRef = 2278F10120186DD0008CD171 /* Fanfare.swift */; };
		2278F10820186DD1008CD171 /* CircularGradient.swift in Sources */ = {isa = PBXBuildFile; fileRef = 2278F10220186DD1008CD171 /* CircularGradient.swift */; };
		2278F10920186DD1008CD171 /* RingLayer.swift in Sources */ = {isa = PBXBuildFile; fileRef = 2278F10320186DD1008CD171 /* RingLayer.swift */; };
		2278F10A20186DD1008CD171 /* ThreeRingView.swift in Sources */ = {isa = PBXBuildFile; fileRef = 2278F10420186DD1008CD171 /* ThreeRingView.swift */; };
		2278F10B20186DD1008CD171 /* Utilities.swift in Sources */ = {isa = PBXBuildFile; fileRef = 2278F10520186DD1008CD171 /* Utilities.swift */; };
		2278F10E20186DE3008CD171 /* winning.mp3 in Resources */ = {isa = PBXBuildFile; fileRef = 2278F10C20186DE3008CD171 /* winning.mp3 */; };
		2278F10F20186DE3008CD171 /* coin07.mp3 in Resources */ = {isa = PBXBuildFile; fileRef = 2278F10D20186DE3008CD171 /* coin07.mp3 */; };
		2278F12020187264008CD171 /* ThreeRingTest.swift in Sources */ = {isa = PBXBuildFile; fileRef = 2278F11F20187264008CD171 /* ThreeRingTest.swift */; };
/* End PBXBuildFile section */

/* Begin PBXContainerItemProxy section */
		2278F0F120186D50008CD171 /* PBXContainerItemProxy */ = {
			isa = PBXContainerItemProxy;
			containerPortal = 2278F0DD20186D4F008CD171 /* Project object */;
			proxyType = 1;
			remoteGlobalIDString = 2278F0E520186D4F008CD171;
			remoteInfo = ThreeRingControl;
		};
/* End PBXContainerItemProxy section */

/* Begin PBXFileReference section */
		2278F0E620186D4F008CD171 /* ThreeRingControl.framework */ = {isa = PBXFileReference; explicitFileType = wrapper.framework; includeInIndex = 0; path = ThreeRingControl.framework; sourceTree = BUILT_PRODUCTS_DIR; };
		2278F0E920186D4F008CD171 /* ThreeRingControl.h */ = {isa = PBXFileReference; lastKnownFileType = sourcecode.c.h; path = ThreeRingControl.h; sourceTree = "<group>"; };
		2278F0EA20186D4F008CD171 /* Info.plist */ = {isa = PBXFileReference; lastKnownFileType = text.plist.xml; path = Info.plist; sourceTree = "<group>"; };
		2278F0EF20186D50008CD171 /* ThreeRingControlTests.xctest */ = {isa = PBXFileReference; explicitFileType = wrapper.cfbundle; includeInIndex = 0; path = ThreeRingControlTests.xctest; sourceTree = BUILT_PRODUCTS_DIR; };
		2278F0F420186D50008CD171 /* ThreeRingControlTests.swift */ = {isa = PBXFileReference; lastKnownFileType = sourcecode.swift; path = ThreeRingControlTests.swift; sourceTree = "<group>"; };
		2278F0F620186D50008CD171 /* Info.plist */ = {isa = PBXFileReference; lastKnownFileType = text.plist.xml; path = Info.plist; sourceTree = "<group>"; };
		2278F10020186DD0008CD171 /* RingTip.swift */ = {isa = PBXFileReference; fileEncoding = 4; lastKnownFileType = sourcecode.swift; path = RingTip.swift; sourceTree = "<group>"; };
		2278F10120186DD0008CD171 /* Fanfare.swift */ = {isa = PBXFileReference; fileEncoding = 4; lastKnownFileType = sourcecode.swift; path = Fanfare.swift; sourceTree = "<group>"; };
		2278F10220186DD1008CD171 /* CircularGradient.swift */ = {isa = PBXFileReference; fileEncoding = 4; lastKnownFileType = sourcecode.swift; path = CircularGradient.swift; sourceTree = "<group>"; };
		2278F10320186DD1008CD171 /* RingLayer.swift */ = {isa = PBXFileReference; fileEncoding = 4; lastKnownFileType = sourcecode.swift; path = RingLayer.swift; sourceTree = "<group>"; };
		2278F10420186DD1008CD171 /* ThreeRingView.swift */ = {isa = PBXFileReference; fileEncoding = 4; lastKnownFileType = sourcecode.swift; path = ThreeRingView.swift; sourceTree = "<group>"; };
		2278F10520186DD1008CD171 /* Utilities.swift */ = {isa = PBXFileReference; fileEncoding = 4; lastKnownFileType = sourcecode.swift; path = Utilities.swift; sourceTree = "<group>"; };
		2278F10C20186DE3008CD171 /* winning.mp3 */ = {isa = PBXFileReference; lastKnownFileType = audio.mp3; path = winning.mp3; sourceTree = "<group>"; };
		2278F10D20186DE3008CD171 /* coin07.mp3 */ = {isa = PBXFileReference; lastKnownFileType = audio.mp3; path = coin07.mp3; sourceTree = "<group>"; };
		2278F11F20187264008CD171 /* ThreeRingTest.swift */ = {isa = PBXFileReference; fileEncoding = 4; lastKnownFileType = sourcecode.swift; path = ThreeRingTest.swift; sourceTree = "<group>"; };
/* End PBXFileReference section */

/* Begin PBXFrameworksBuildPhase section */
		2278F0E220186D4F008CD171 /* Frameworks */ = {
			isa = PBXFrameworksBuildPhase;
			buildActionMask = 2147483647;
			files = (
			);
			runOnlyForDeploymentPostprocessing = 0;
		};
		2278F0EC20186D50008CD171 /* Frameworks */ = {
			isa = PBXFrameworksBuildPhase;
			buildActionMask = 2147483647;
			files = (
				2278F0F020186D50008CD171 /* ThreeRingControl.framework in Frameworks */,
			);
			runOnlyForDeploymentPostprocessing = 0;
		};
/* End PBXFrameworksBuildPhase section */

/* Begin PBXGroup section */
		2278F0DC20186D4F008CD171 = {
			isa = PBXGroup;
			children = (
				2278F0E820186D4F008CD171 /* ThreeRingControl */,
				2278F0F320186D50008CD171 /* ThreeRingControlTests */,
				2278F0E720186D4F008CD171 /* Products */,
			);
			sourceTree = "<group>";
		};
		2278F0E720186D4F008CD171 /* Products */ = {
			isa = PBXGroup;
			children = (
				2278F0E620186D4F008CD171 /* ThreeRingControl.framework */,
				2278F0EF20186D50008CD171 /* ThreeRingControlTests.xctest */,
			);
			name = Products;
			sourceTree = "<group>";
		};
		2278F0E820186D4F008CD171 /* ThreeRingControl */ = {
			isa = PBXGroup;
			children = (
				2278F10220186DD1008CD171 /* CircularGradient.swift */,
				2278F10120186DD0008CD171 /* Fanfare.swift */,
				2278F10320186DD1008CD171 /* RingLayer.swift */,
				2278F10020186DD0008CD171 /* RingTip.swift */,
				2278F10420186DD1008CD171 /* ThreeRingView.swift */,
				2278F10520186DD1008CD171 /* Utilities.swift */,
				2278F10D20186DE3008CD171 /* coin07.mp3 */,
				2278F10C20186DE3008CD171 /* winning.mp3 */,
				2278F0E920186D4F008CD171 /* ThreeRingControl.h */,
				2278F0EA20186D4F008CD171 /* Info.plist */,
			);
			path = ThreeRingControl;
			sourceTree = "<group>";
		};
		2278F0F320186D50008CD171 /* ThreeRingControlTests */ = {
			isa = PBXGroup;
			children = (
				2278F0F420186D50008CD171 /* ThreeRingControlTests.swift */,
				2278F11F20187264008CD171 /* ThreeRingTest.swift */,
				2278F0F620186D50008CD171 /* Info.plist */,
			);
			path = ThreeRingControlTests;
			sourceTree = "<group>";
		};
/* End PBXGroup section */

/* Begin PBXHeadersBuildPhase section */
		2278F0E320186D4F008CD171 /* Headers */ = {
			isa = PBXHeadersBuildPhase;
			buildActionMask = 2147483647;
			files = (
				2278F0F720186D50008CD171 /* ThreeRingControl.h in Headers */,
			);
			runOnlyForDeploymentPostprocessing = 0;
		};
/* End PBXHeadersBuildPhase section */

/* Begin PBXNativeTarget section */
		2278F0E520186D4F008CD171 /* ThreeRingControl */ = {
			isa = PBXNativeTarget;
			buildConfigurationList = 2278F0FA20186D50008CD171 /* Build configuration list for PBXNativeTarget "ThreeRingControl" */;
			buildPhases = (
				2278F0E120186D4F008CD171 /* Sources */,
				2278F0E220186D4F008CD171 /* Frameworks */,
				2278F0E320186D4F008CD171 /* Headers */,
				2278F0E420186D4F008CD171 /* Resources */,
			);
			buildRules = (
			);
			dependencies = (
			);
			name = ThreeRingControl;
			productName = ThreeRingControl;
			productReference = 2278F0E620186D4F008CD171 /* ThreeRingControl.framework */;
			productType = "com.apple.product-type.framework";
		};
		2278F0EE20186D50008CD171 /* ThreeRingControlTests */ = {
			isa = PBXNativeTarget;
			buildConfigurationList = 2278F0FD20186D50008CD171 /* Build configuration list for PBXNativeTarget "ThreeRingControlTests" */;
			buildPhases = (
				2278F0EB20186D50008CD171 /* Sources */,
				2278F0EC20186D50008CD171 /* Frameworks */,
				2278F0ED20186D50008CD171 /* Resources */,
			);
			buildRules = (
			);
			dependencies = (
				2278F0F220186D50008CD171 /* PBXTargetDependency */,
			);
			name = ThreeRingControlTests;
			productName = ThreeRingControlTests;
			productReference = 2278F0EF20186D50008CD171 /* ThreeRingControlTests.xctest */;
			productType = "com.apple.product-type.bundle.unit-test";
		};
/* End PBXNativeTarget section */

/* Begin PBXProject section */
		2278F0DD20186D4F008CD171 /* Project object */ = {
			isa = PBXProject;
			attributes = {
				LastSwiftUpdateCheck = 0920;
				LastUpgradeCheck = 0920;
				ORGANIZATIONNAME = xerox101;
				TargetAttributes = {
					2278F0E520186D4F008CD171 = {
						CreatedOnToolsVersion = 9.2;
						LastSwiftMigration = 0920;
						ProvisioningStyle = Automatic;
					};
					2278F0EE20186D50008CD171 = {
						CreatedOnToolsVersion = 9.2;
						ProvisioningStyle = Automatic;
					};
				};
			};
			buildConfigurationList = 2278F0E020186D4F008CD171 /* Build configuration list for PBXProject "ThreeRingControl" */;
			compatibilityVersion = "Xcode 8.0";
			developmentRegion = en;
			hasScannedForEncodings = 0;
			knownRegions = (
				en,
			);
			mainGroup = 2278F0DC20186D4F008CD171;
			productRefGroup = 2278F0E720186D4F008CD171 /* Products */;
			projectDirPath = "";
			projectRoot = "";
			targets = (
				2278F0E520186D4F008CD171 /* ThreeRingControl */,
				2278F0EE20186D50008CD171 /* ThreeRingControlTests */,
			);
		};
/* End PBXProject section */

/* Begin PBXResourcesBuildPhase section */
		2278F0E420186D4F008CD171 /* Resources */ = {
			isa = PBXResourcesBuildPhase;
			buildActionMask = 2147483647;
			files = (
				2278F10F20186DE3008CD171 /* coin07.mp3 in Resources */,
				2278F10E20186DE3008CD171 /* winning.mp3 in Resources */,
			);
			runOnlyForDeploymentPostprocessing = 0;
		};
		2278F0ED20186D50008CD171 /* Resources */ = {
			isa = PBXResourcesBuildPhase;
			buildActionMask = 2147483647;
			files = (
			);
			runOnlyForDeploymentPostprocessing = 0;
		};
/* End PBXResourcesBuildPhase section */

/* Begin PBXSourcesBuildPhase section */
		2278F0E120186D4F008CD171 /* Sources */ = {
			isa = PBXSourcesBuildPhase;
			buildActionMask = 2147483647;
			files = (
				2278F10B20186DD1008CD171 /* Utilities.swift in Sources */,
				2278F10620186DD1008CD171 /* RingTip.swift in Sources */,
				2278F10720186DD1008CD171 /* Fanfare.swift in Sources */,
				2278F10A20186DD1008CD171 /* ThreeRingView.swift in Sources */,
				2278F10820186DD1008CD171 /* CircularGradient.swift in Sources */,
				2278F10920186DD1008CD171 /* RingLayer.swift in Sources */,
			);
			runOnlyForDeploymentPostprocessing = 0;
		};
		2278F0EB20186D50008CD171 /* Sources */ = {
			isa = PBXSourcesBuildPhase;
			buildActionMask = 2147483647;
			files = (
				2278F12020187264008CD171 /* ThreeRingTest.swift in Sources */,
				2278F0F520186D50008CD171 /* ThreeRingControlTests.swift in Sources */,
			);
			runOnlyForDeploymentPostprocessing = 0;
		};
/* End PBXSourcesBuildPhase section */

/* Begin PBXTargetDependency section */
		2278F0F220186D50008CD171 /* PBXTargetDependency */ = {
			isa = PBXTargetDependency;
			target = 2278F0E520186D4F008CD171 /* ThreeRingControl */;
			targetProxy = 2278F0F120186D50008CD171 /* PBXContainerItemProxy */;
		};
/* End PBXTargetDependency section */

/* Begin XCBuildConfiguration section */
		2278F0F820186D50008CD171 /* Debug */ = {
			isa = XCBuildConfiguration;
			buildSettings = {
				ALWAYS_SEARCH_USER_PATHS = NO;
				CLANG_ANALYZER_NONNULL = YES;
				CLANG_ANALYZER_NUMBER_OBJECT_CONVERSION = YES_AGGRESSIVE;
				CLANG_CXX_LANGUAGE_STANDARD = "gnu++14";
				CLANG_CXX_LIBRARY = "libc++";
				CLANG_ENABLE_MODULES = YES;
				CLANG_ENABLE_OBJC_ARC = YES;
				CLANG_WARN_BLOCK_CAPTURE_AUTORELEASING = YES;
				CLANG_WARN_BOOL_CONVERSION = YES;
				CLANG_WARN_COMMA = YES;
				CLANG_WARN_CONSTANT_CONVERSION = YES;
				CLANG_WARN_DIRECT_OBJC_ISA_USAGE = YES_ERROR;
				CLANG_WARN_DOCUMENTATION_COMMENTS = YES;
				CLANG_WARN_EMPTY_BODY = YES;
				CLANG_WARN_ENUM_CONVERSION = YES;
				CLANG_WARN_INFINITE_RECURSION = YES;
				CLANG_WARN_INT_CONVERSION = YES;
				CLANG_WARN_NON_LITERAL_NULL_CONVERSION = YES;
				CLANG_WARN_OBJC_LITERAL_CONVERSION = YES;
				CLANG_WARN_OBJC_ROOT_CLASS = YES_ERROR;
				CLANG_WARN_RANGE_LOOP_ANALYSIS = YES;
				CLANG_WARN_STRICT_PROTOTYPES = YES;
				CLANG_WARN_SUSPICIOUS_MOVE = YES;
				CLANG_WARN_UNGUARDED_AVAILABILITY = YES_AGGRESSIVE;
				CLANG_WARN_UNREACHABLE_CODE = YES;
				CLANG_WARN__DUPLICATE_METHOD_MATCH = YES;
				CODE_SIGN_IDENTITY = "iPhone Developer";
				COPY_PHASE_STRIP = NO;
				CURRENT_PROJECT_VERSION = 1;
				DEBUG_INFORMATION_FORMAT = dwarf;
				ENABLE_STRICT_OBJC_MSGSEND = YES;
				ENABLE_TESTABILITY = YES;
				GCC_C_LANGUAGE_STANDARD = gnu11;
				GCC_DYNAMIC_NO_PIC = NO;
				GCC_NO_COMMON_BLOCKS = YES;
				GCC_OPTIMIZATION_LEVEL = 0;
				GCC_PREPROCESSOR_DEFINITIONS = (
					"DEBUG=1",
					"$(inherited)",
				);
				GCC_WARN_64_TO_32_BIT_CONVERSION = YES;
				GCC_WARN_ABOUT_RETURN_TYPE = YES_ERROR;
				GCC_WARN_UNDECLARED_SELECTOR = YES;
				GCC_WARN_UNINITIALIZED_AUTOS = YES_AGGRESSIVE;
				GCC_WARN_UNUSED_FUNCTION = YES;
				GCC_WARN_UNUSED_VARIABLE = YES;
				IPHONEOS_DEPLOYMENT_TARGET = 11.2;
				MTL_ENABLE_DEBUG_INFO = YES;
				ONLY_ACTIVE_ARCH = YES;
				SDKROOT = iphoneos;
				SWIFT_ACTIVE_COMPILATION_CONDITIONS = DEBUG;
				SWIFT_OPTIMIZATION_LEVEL = "-Onone";
				VERSIONING_SYSTEM = "apple-generic";
				VERSION_INFO_PREFIX = "";
			};
			name = Debug;
		};
		2278F0F920186D50008CD171 /* Release */ = {
			isa = XCBuildConfiguration;
			buildSettings = {
				ALWAYS_SEARCH_USER_PATHS = NO;
				CLANG_ANALYZER_NONNULL = YES;
				CLANG_ANALYZER_NUMBER_OBJECT_CONVERSION = YES_AGGRESSIVE;
				CLANG_CXX_LANGUAGE_STANDARD = "gnu++14";
				CLANG_CXX_LIBRARY = "libc++";
				CLANG_ENABLE_MODULES = YES;
				CLANG_ENABLE_OBJC_ARC = YES;
				CLANG_WARN_BLOCK_CAPTURE_AUTORELEASING = YES;
				CLANG_WARN_BOOL_CONVERSION = YES;
				CLANG_WARN_COMMA = YES;
				CLANG_WARN_CONSTANT_CONVERSION = YES;
				CLANG_WARN_DIRECT_OBJC_ISA_USAGE = YES_ERROR;
				CLANG_WARN_DOCUMENTATION_COMMENTS = YES;
				CLANG_WARN_EMPTY_BODY = YES;
				CLANG_WARN_ENUM_CONVERSION = YES;
				CLANG_WARN_INFINITE_RECURSION = YES;
				CLANG_WARN_INT_CONVERSION = YES;
				CLANG_WARN_NON_LITERAL_NULL_CONVERSION = YES;
				CLANG_WARN_OBJC_LITERAL_CONVERSION = YES;
				CLANG_WARN_OBJC_ROOT_CLASS = YES_ERROR;
				CLANG_WARN_RANGE_LOOP_ANALYSIS = YES;
				CLANG_WARN_STRICT_PROTOTYPES = YES;
				CLANG_WARN_SUSPICIOUS_MOVE = YES;
				CLANG_WARN_UNGUARDED_AVAILABILITY = YES_AGGRESSIVE;
				CLANG_WARN_UNREACHABLE_CODE = YES;
				CLANG_WARN__DUPLICATE_METHOD_MATCH = YES;
				CODE_SIGN_IDENTITY = "iPhone Developer";
				COPY_PHASE_STRIP = NO;
				CURRENT_PROJECT_VERSION = 1;
				DEBUG_INFORMATION_FORMAT = "dwarf-with-dsym";
				ENABLE_NS_ASSERTIONS = NO;
				ENABLE_STRICT_OBJC_MSGSEND = YES;
				GCC_C_LANGUAGE_STANDARD = gnu11;
				GCC_NO_COMMON_BLOCKS = YES;
				GCC_WARN_64_TO_32_BIT_CONVERSION = YES;
				GCC_WARN_ABOUT_RETURN_TYPE = YES_ERROR;
				GCC_WARN_UNDECLARED_SELECTOR = YES;
				GCC_WARN_UNINITIALIZED_AUTOS = YES_AGGRESSIVE;
				GCC_WARN_UNUSED_FUNCTION = YES;
				GCC_WARN_UNUSED_VARIABLE = YES;
				IPHONEOS_DEPLOYMENT_TARGET = 11.2;
				MTL_ENABLE_DEBUG_INFO = NO;
				SDKROOT = iphoneos;
				SWIFT_OPTIMIZATION_LEVEL = "-Owholemodule";
				VALIDATE_PRODUCT = YES;
				VERSIONING_SYSTEM = "apple-generic";
				VERSION_INFO_PREFIX = "";
			};
			name = Release;
		};
		2278F0FB20186D50008CD171 /* Debug */ = {
			isa = XCBuildConfiguration;
			buildSettings = {
				CLANG_ENABLE_MODULES = YES;
				CODE_SIGN_IDENTITY = "";
				CODE_SIGN_STYLE = Automatic;
				DEFINES_MODULE = YES;
				DEVELOPMENT_TEAM = K53FCL976W;
				DYLIB_COMPATIBILITY_VERSION = 1;
				DYLIB_CURRENT_VERSION = 1;
				DYLIB_INSTALL_NAME_BASE = "@rpath";
				INFOPLIST_FILE = ThreeRingControl/Info.plist;
				INSTALL_PATH = "$(LOCAL_LIBRARY_DIR)/Frameworks";
				LD_RUNPATH_SEARCH_PATHS = "$(inherited) @executable_path/Frameworks @loader_path/Frameworks";
				PRODUCT_BUNDLE_IDENTIFIER = "com.muh-azharudheen.ThreeRingControl";
				PRODUCT_NAME = "$(TARGET_NAME:c99extidentifier)";
				SKIP_INSTALL = YES;
				SWIFT_OPTIMIZATION_LEVEL = "-Onone";
				SWIFT_VERSION = 4.0;
				TARGETED_DEVICE_FAMILY = "1,2";
			};
			name = Debug;
		};
		2278F0FC20186D50008CD171 /* Release */ = {
			isa = XCBuildConfiguration;
			buildSettings = {
				CLANG_ENABLE_MODULES = YES;
				CODE_SIGN_IDENTITY = "";
				CODE_SIGN_STYLE = Automatic;
				DEFINES_MODULE = YES;
				DEVELOPMENT_TEAM = K53FCL976W;
				DYLIB_COMPATIBILITY_VERSION = 1;
				DYLIB_CURRENT_VERSION = 1;
				DYLIB_INSTALL_NAME_BASE = "@rpath";
				INFOPLIST_FILE = ThreeRingControl/Info.plist;
				INSTALL_PATH = "$(LOCAL_LIBRARY_DIR)/Frameworks";
				LD_RUNPATH_SEARCH_PATHS = "$(inherited) @executable_path/Frameworks @loader_path/Frameworks";
				PRODUCT_BUNDLE_IDENTIFIER = "com.muh-azharudheen.ThreeRingControl";
				PRODUCT_NAME = "$(TARGET_NAME:c99extidentifier)";
				SKIP_INSTALL = YES;
				SWIFT_VERSION = 4.0;
				TARGETED_DEVICE_FAMILY = "1,2";
			};
			name = Release;
		};
		2278F0FE20186D50008CD171 /* Debug */ = {
			isa = XCBuildConfiguration;
			buildSettings = {
				ALWAYS_EMBED_SWIFT_STANDARD_LIBRARIES = YES;
				CODE_SIGN_STYLE = Automatic;
				DEVELOPMENT_TEAM = K53FCL976W;
				INFOPLIST_FILE = ThreeRingControlTests/Info.plist;
				LD_RUNPATH_SEARCH_PATHS = "$(inherited) @executable_path/Frameworks @loader_path/Frameworks";
				PRODUCT_BUNDLE_IDENTIFIER = "com.muh-azharudheen.ThreeRingControlTests";
				PRODUCT_NAME = "$(TARGET_NAME)";
				SWIFT_VERSION = 4.0;
				TARGETED_DEVICE_FAMILY = "1,2";
			};
			name = Debug;
		};
		2278F0FF20186D50008CD171 /* Release */ = {
			isa = XCBuildConfiguration;
			buildSettings = {
				ALWAYS_EMBED_SWIFT_STANDARD_LIBRARIES = YES;
				CODE_SIGN_STYLE = Automatic;
				DEVELOPMENT_TEAM = K53FCL976W;
				INFOPLIST_FILE = ThreeRingControlTests/Info.plist;
				LD_RUNPATH_SEARCH_PATHS = "$(inherited) @executable_path/Frameworks @loader_path/Frameworks";
				PRODUCT_BUNDLE_IDENTIFIER = "com.muh-azharudheen.ThreeRingControlTests";
				PRODUCT_NAME = "$(TARGET_NAME)";
				SWIFT_VERSION = 4.0;
				TARGETED_DEVICE_FAMILY = "1,2";
			};
			name = Release;
		};
/* End XCBuildConfiguration section */

/* Begin XCConfigurationList section */
		2278F0E020186D4F008CD171 /* Build configuration list for PBXProject "ThreeRingControl" */ = {
			isa = XCConfigurationList;
			buildConfigurations = (
				2278F0F820186D50008CD171 /* Debug */,
				2278F0F920186D50008CD171 /* Release */,
			);
			defaultConfigurationIsVisible = 0;
			defaultConfigurationName = Release;
		};
		2278F0FA20186D50008CD171 /* Build configuration list for PBXNativeTarget "ThreeRingControl" */ = {
			isa = XCConfigurationList;
			buildConfigurations = (
				2278F0FB20186D50008CD171 /* Debug */,
				2278F0FC20186D50008CD171 /* Release */,
			);
			defaultConfigurationIsVisible = 0;
			defaultConfigurationName = Release;
		};
		2278F0FD20186D50008CD171 /* Build configuration list for PBXNativeTarget "ThreeRingControlTests" */ = {
			isa = XCConfigurationList;
			buildConfigurations = (
				2278F0FE20186D50008CD171 /* Debug */,
				2278F0FF20186D50008CD171 /* Release */,
			);
			defaultConfigurationIsVisible = 0;
			defaultConfigurationName = Release;
		};
/* End XCConfigurationList section */
	};
	rootObject = 2278F0DD20186D4F008CD171 /* Project object */;
}
